
Microsoft Visual Studio Solution File, Format Version 12.00
# Visual Studio Version 17
VisualStudioVersion = 17.10.35122.118
MinimumVisualStudioVersion = 10.0.40219.1
Project("{2150E333-8FDC-42A3-9474-1A3956D46DE8}") = "FirstSection", "FirstSection", "{28985DAF-4428-47C4-8870-D0A4B3AFF07A}"
EndProject
Project("{FAE04EC0-301F-11D3-BF4B-00C04F79EFBC}") = "HelloWorld", "FirstSection\HelloWorld\HelloWorld.csproj", "{AB9BE63E-4FE0-415B-BAC4-4FB602EC8CBE}"
EndProject
Global
	GlobalSection(SolutionConfigurationPlatforms) = preSolution
		Debug|Any CPU = Debug|Any CPU
		Release|Any CPU = Release|Any CPU
	EndGlobalSection
	GlobalSection(ProjectConfigurationPlatforms) = postSolution
		{AB9BE63E-4FE0-415B-BAC4-4FB602EC8CBE}.Debug|Any CPU.ActiveCfg = Debug|Any CPU
		{AB9BE63E-4FE0-415B-BAC4-4FB602EC8CBE}.Debug|Any CPU.Build.0 = Debug|Any CPU
		{AB9BE63E-4FE0-415B-BAC4-4FB602EC8CBE}.Release|Any CPU.ActiveCfg = Release|Any CPU
		{AB9BE63E-4FE0-415B-BAC4-4FB602EC8CBE}.Release|Any CPU.Build.0 = Release|Any CPU
	EndGlobalSection
	GlobalSection(SolutionProperties) = preSolution
		HideSolutionNode = FALSE
	EndGlobalSection
	GlobalSection(NestedProjects) = preSolution
		{AB9BE63E-4FE0-415B-BAC4-4FB602EC8CBE} = {28985DAF-4428-47C4-8870-D0A4B3AFF07A}
	EndGlobalSection
	GlobalSection(ExtensibilityGlobals) = postSolution
		SolutionGuid = {C251ED91-9DFC-4522-97EB-C016BC75C09D}
	EndGlobalSection
EndGlobal
